
Microsoft Visual Studio Solution File, Format Version 12.00
# Visual Studio Version 17
VisualStudioVersion = 17.11.35219.272
MinimumVisualStudioVersion = 10.0.40219.1
Project("{8BC9CEB8-8B4A-11D0-8D11-00A0C91BC942}") = "Lab215-6", "Lab215-6.vcxproj", "{B7A8BEB6-308C-42DF-BC0B-B091E00483D3}"
EndProject
Global
	GlobalSection(SolutionConfigurationPlatforms) = preSolution
		Debug|x64 = Debug|x64
		Debug|x86 = Debug|x86
		Release|x64 = Release|x64
		Release|x86 = Release|x86
	EndGlobalSection
	GlobalSection(ProjectConfigurationPlatforms) = postSolution
		{B7A8BEB6-308C-42DF-BC0B-B091E00483D3}.Debug|x64.ActiveCfg = Debug|x64
		{B7A8BEB6-308C-42DF-BC0B-B091E00483D3}.Debug|x64.Build.0 = Debug|x64
		{B7A8BEB6-308C-42DF-BC0B-B091E00483D3}.Debug|x86.ActiveCfg = Debug|Win32
		{B7A8BEB6-308C-42DF-BC0B-B091E00483D3}.Debug|x86.Build.0 = Debug|Win32
		{B7A8BEB6-308C-42DF-BC0B-B091E00483D3}.Release|x64.ActiveCfg = Release|x64
		{B7A8BEB6-308C-42DF-BC0B-B091E00483D3}.Release|x64.Build.0 = Release|x64
		{B7A8BEB6-308C-42DF-BC0B-B091E00483D3}.Release|x86.ActiveCfg = Release|Win32
		{B7A8BEB6-308C-42DF-BC0B-B091E00483D3}.Release|x86.Build.0 = Release|Win32
	EndGlobalSection
	GlobalSection(SolutionProperties) = preSolution
		HideSolutionNode = FALSE
	EndGlobalSection
	GlobalSection(ExtensibilityGlobals) = postSolution
		SolutionGuid = {D388FD59-606F-4900-8C64-E3B600D5E897}
	EndGlobalSection
EndGlobal
